
Microsoft Visual Studio Solution File, Format Version 12.00
# Visual Studio Version 17
VisualStudioVersion = 17.9.34728.123
MinimumVisualStudioVersion = 10.0.40219.1
Project("{FAE04EC0-301F-11D3-BF4B-00C04F79EFBC}") = "FIleUpload", "FIleUpload\FIleUpload.csproj", "{95573417-2E5F-43DE-AC9D-B042EA39D68A}"
EndProject
Project("{FAE04EC0-301F-11D3-BF4B-00C04F79EFBC}") = "FileProcessor", "FileProcessor\FileProcessor.csproj", "{BB93FC81-4689-486E-A9B2-9916B16AF87D}"
EndProject
Project("{FAE04EC0-301F-11D3-BF4B-00C04F79EFBC}") = "TextFileDatabase", "TextFileDatabase\TextFileDatabase.csproj", "{9C62B58B-BD37-4BC3-B858-D6A074FBA364}"
EndProject
Global
	GlobalSection(SolutionConfigurationPlatforms) = preSolution
		Debug|Any CPU = Debug|Any CPU
		Release|Any CPU = Release|Any CPU
	EndGlobalSection
	GlobalSection(ProjectConfigurationPlatforms) = postSolution
		{95573417-2E5F-43DE-AC9D-B042EA39D68A}.Debug|Any CPU.ActiveCfg = Debug|Any CPU
		{95573417-2E5F-43DE-AC9D-B042EA39D68A}.Debug|Any CPU.Build.0 = Debug|Any CPU
		{95573417-2E5F-43DE-AC9D-B042EA39D68A}.Release|Any CPU.ActiveCfg = Release|Any CPU
		{95573417-2E5F-43DE-AC9D-B042EA39D68A}.Release|Any CPU.Build.0 = Release|Any CPU
		{BB93FC81-4689-486E-A9B2-9916B16AF87D}.Debug|Any CPU.ActiveCfg = Debug|Any CPU
		{BB93FC81-4689-486E-A9B2-9916B16AF87D}.Debug|Any CPU.Build.0 = Debug|Any CPU
		{BB93FC81-4689-486E-A9B2-9916B16AF87D}.Release|Any CPU.ActiveCfg = Release|Any CPU
		{BB93FC81-4689-486E-A9B2-9916B16AF87D}.Release|Any CPU.Build.0 = Release|Any CPU
		{9C62B58B-BD37-4BC3-B858-D6A074FBA364}.Debug|Any CPU.ActiveCfg = Debug|Any CPU
		{9C62B58B-BD37-4BC3-B858-D6A074FBA364}.Debug|Any CPU.Build.0 = Debug|Any CPU
		{9C62B58B-BD37-4BC3-B858-D6A074FBA364}.Release|Any CPU.ActiveCfg = Release|Any CPU
		{9C62B58B-BD37-4BC3-B858-D6A074FBA364}.Release|Any CPU.Build.0 = Release|Any CPU
	EndGlobalSection
	GlobalSection(SolutionProperties) = preSolution
		HideSolutionNode = FALSE
	EndGlobalSection
	GlobalSection(ExtensibilityGlobals) = postSolution
		SolutionGuid = {B49F35BA-4651-4A12-934B-35DCC136FDEB}
	EndGlobalSection
EndGlobal
